
Microsoft Visual Studio Solution File, Format Version 12.00
# Visual Studio Version 17
VisualStudioVersion = 17.12.35707.178
MinimumVisualStudioVersion = 10.0.40219.1
Project("{FAE04EC0-301F-11D3-BF4B-00C04F79EFBC}") = "Bim.Examples", "Bim.Examples\Bim.Examples.csproj", "{6EC0E8F0-2353-457F-9430-8AC7AD127EAC}"
EndProject
Project("{FAE04EC0-301F-11D3-BF4B-00C04F79EFBC}") = "Bim.Library", "Bim.Library\Bim.Library.csproj", "{AE6709EF-AA64-7392-4D53-706C98812409}"
EndProject
Global
	GlobalSection(SolutionConfigurationPlatforms) = preSolution
		R17_Debug|Any CPU = R17_Debug|Any CPU
		R17_Release|Any CPU = R17_Release|Any CPU
		R18_Debug|Any CPU = R18_Debug|Any CPU
		R18_Release|Any CPU = R18_Release|Any CPU
		R19_Debug|Any CPU = R19_Debug|Any CPU
		R19_Release|Any CPU = R19_Release|Any CPU
		R20_Debug|Any CPU = R20_Debug|Any CPU
		R20_Release|Any CPU = R20_Release|Any CPU
		R21_Debug|Any CPU = R21_Debug|Any CPU
		R21_Release|Any CPU = R21_Release|Any CPU
		R22_Debug|Any CPU = R22_Debug|Any CPU
		R22_Release|Any CPU = R22_Release|Any CPU
		R23_Debug|Any CPU = R23_Debug|Any CPU
		R23_Release|Any CPU = R23_Release|Any CPU
		R24_Debug|Any CPU = R24_Debug|Any CPU
		R24_Release|Any CPU = R24_Release|Any CPU
		R25_Debug|Any CPU = R25_Debug|Any CPU
		R25_Release|Any CPU = R25_Release|Any CPU
	EndGlobalSection
	GlobalSection(ProjectConfigurationPlatforms) = postSolution
		{6EC0E8F0-2353-457F-9430-8AC7AD127EAC}.R17_Debug|Any CPU.ActiveCfg = R17_Debug|Any CPU
		{6EC0E8F0-2353-457F-9430-8AC7AD127EAC}.R17_Debug|Any CPU.Build.0 = R17_Debug|Any CPU
		{6EC0E8F0-2353-457F-9430-8AC7AD127EAC}.R17_Release|Any CPU.ActiveCfg = R17_Release|Any CPU
		{6EC0E8F0-2353-457F-9430-8AC7AD127EAC}.R17_Release|Any CPU.Build.0 = R17_Release|Any CPU
		{6EC0E8F0-2353-457F-9430-8AC7AD127EAC}.R18_Debug|Any CPU.ActiveCfg = R18_Debug|Any CPU
		{6EC0E8F0-2353-457F-9430-8AC7AD127EAC}.R18_Debug|Any CPU.Build.0 = R18_Debug|Any CPU
		{6EC0E8F0-2353-457F-9430-8AC7AD127EAC}.R18_Release|Any CPU.ActiveCfg = R18_Release|Any CPU
		{6EC0E8F0-2353-457F-9430-8AC7AD127EAC}.R18_Release|Any CPU.Build.0 = R18_Release|Any CPU
		{6EC0E8F0-2353-457F-9430-8AC7AD127EAC}.R19_Debug|Any CPU.ActiveCfg = R19_Debug|Any CPU
		{6EC0E8F0-2353-457F-9430-8AC7AD127EAC}.R19_Debug|Any CPU.Build.0 = R19_Debug|Any CPU
		{6EC0E8F0-2353-457F-9430-8AC7AD127EAC}.R19_Release|Any CPU.ActiveCfg = R19_Release|Any CPU
		{6EC0E8F0-2353-457F-9430-8AC7AD127EAC}.R19_Release|Any CPU.Build.0 = R19_Release|Any CPU
		{6EC0E8F0-2353-457F-9430-8AC7AD127EAC}.R20_Debug|Any CPU.ActiveCfg = R20_Debug|Any CPU
		{6EC0E8F0-2353-457F-9430-8AC7AD127EAC}.R20_Debug|Any CPU.Build.0 = R20_Debug|Any CPU
		{6EC0E8F0-2353-457F-9430-8AC7AD127EAC}.R20_Release|Any CPU.ActiveCfg = R20_Release|Any CPU
		{6EC0E8F0-2353-457F-9430-8AC7AD127EAC}.R20_Release|Any CPU.Build.0 = R20_Release|Any CPU
		{6EC0E8F0-2353-457F-9430-8AC7AD127EAC}.R21_Debug|Any CPU.ActiveCfg = R21_Debug|Any CPU
		{6EC0E8F0-2353-457F-9430-8AC7AD127EAC}.R21_Debug|Any CPU.Build.0 = R21_Debug|Any CPU
		{6EC0E8F0-2353-457F-9430-8AC7AD127EAC}.R21_Release|Any CPU.ActiveCfg = R21_Release|Any CPU
		{6EC0E8F0-2353-457F-9430-8AC7AD127EAC}.R21_Release|Any CPU.Build.0 = R21_Release|Any CPU
		{6EC0E8F0-2353-457F-9430-8AC7AD127EAC}.R22_Debug|Any CPU.ActiveCfg = R22_Debug|Any CPU
		{6EC0E8F0-2353-457F-9430-8AC7AD127EAC}.R22_Debug|Any CPU.Build.0 = R22_Debug|Any CPU
		{6EC0E8F0-2353-457F-9430-8AC7AD127EAC}.R22_Release|Any CPU.ActiveCfg = R22_Release|Any CPU
		{6EC0E8F0-2353-457F-9430-8AC7AD127EAC}.R22_Release|Any CPU.Build.0 = R22_Release|Any CPU
		{6EC0E8F0-2353-457F-9430-8AC7AD127EAC}.R23_Debug|Any CPU.ActiveCfg = R23_Debug|Any CPU
		{6EC0E8F0-2353-457F-9430-8AC7AD127EAC}.R23_Debug|Any CPU.Build.0 = R23_Debug|Any CPU
		{6EC0E8F0-2353-457F-9430-8AC7AD127EAC}.R23_Release|Any CPU.ActiveCfg = R23_Release|Any CPU
		{6EC0E8F0-2353-457F-9430-8AC7AD127EAC}.R23_Release|Any CPU.Build.0 = R23_Release|Any CPU
		{6EC0E8F0-2353-457F-9430-8AC7AD127EAC}.R24_Debug|Any CPU.ActiveCfg = R24_Debug|Any CPU
		{6EC0E8F0-2353-457F-9430-8AC7AD127EAC}.R24_Debug|Any CPU.Build.0 = R24_Debug|Any CPU
		{6EC0E8F0-2353-457F-9430-8AC7AD127EAC}.R24_Release|Any CPU.ActiveCfg = R24_Release|Any CPU
		{6EC0E8F0-2353-457F-9430-8AC7AD127EAC}.R24_Release|Any CPU.Build.0 = R24_Release|Any CPU
		{6EC0E8F0-2353-457F-9430-8AC7AD127EAC}.R25_Debug|Any CPU.ActiveCfg = R25_Debug|Any CPU
		{6EC0E8F0-2353-457F-9430-8AC7AD127EAC}.R25_Debug|Any CPU.Build.0 = R25_Debug|Any CPU
		{6EC0E8F0-2353-457F-9430-8AC7AD127EAC}.R25_Release|Any CPU.ActiveCfg = R25_Release|Any CPU
		{6EC0E8F0-2353-457F-9430-8AC7AD127EAC}.R25_Release|Any CPU.Build.0 = R25_Release|Any CPU
		{AE6709EF-AA64-7392-4D53-706C98812409}.R17_Debug|Any CPU.ActiveCfg = R17_Debug|Any CPU
		{AE6709EF-AA64-7392-4D53-706C98812409}.R17_Debug|Any CPU.Build.0 = R17_Debug|Any CPU
		{AE6709EF-AA64-7392-4D53-706C98812409}.R17_Release|Any CPU.ActiveCfg = R17_Release|Any CPU
		{AE6709EF-AA64-7392-4D53-706C98812409}.R17_Release|Any CPU.Build.0 = R17_Release|Any CPU
		{AE6709EF-AA64-7392-4D53-706C98812409}.R18_Debug|Any CPU.ActiveCfg = R18_Debug|Any CPU
		{AE6709EF-AA64-7392-4D53-706C98812409}.R18_Debug|Any CPU.Build.0 = R18_Debug|Any CPU
		{AE6709EF-AA64-7392-4D53-706C98812409}.R18_Release|Any CPU.ActiveCfg = R18_Release|Any CPU
		{AE6709EF-AA64-7392-4D53-706C98812409}.R18_Release|Any CPU.Build.0 = R18_Release|Any CPU
		{AE6709EF-AA64-7392-4D53-706C98812409}.R19_Debug|Any CPU.ActiveCfg = R19_Debug|Any CPU
		{AE6709EF-AA64-7392-4D53-706C98812409}.R19_Debug|Any CPU.Build.0 = R19_Debug|Any CPU
		{AE6709EF-AA64-7392-4D53-706C98812409}.R19_Release|Any CPU.ActiveCfg = R19_Release|Any CPU
		{AE6709EF-AA64-7392-4D53-706C98812409}.R19_Release|Any CPU.Build.0 = R19_Release|Any CPU
		{AE6709EF-AA64-7392-4D53-706C98812409}.R20_Debug|Any CPU.ActiveCfg = R20_Debug|Any CPU
		{AE6709EF-AA64-7392-4D53-706C98812409}.R20_Debug|Any CPU.Build.0 = R20_Debug|Any CPU
		{AE6709EF-AA64-7392-4D53-706C98812409}.R20_Release|Any CPU.ActiveCfg = R20_Release|Any CPU
		{AE6709EF-AA64-7392-4D53-706C98812409}.R20_Release|Any CPU.Build.0 = R20_Release|Any CPU
		{AE6709EF-AA64-7392-4D53-706C98812409}.R21_Debug|Any CPU.ActiveCfg = R21_Debug|Any CPU
		{AE6709EF-AA64-7392-4D53-706C98812409}.R21_Debug|Any CPU.Build.0 = R21_Debug|Any CPU
		{AE6709EF-AA64-7392-4D53-706C98812409}.R21_Release|Any CPU.ActiveCfg = R21_Release|Any CPU
		{AE6709EF-AA64-7392-4D53-706C98812409}.R21_Release|Any CPU.Build.0 = R21_Release|Any CPU
		{AE6709EF-AA64-7392-4D53-706C98812409}.R22_Debug|Any CPU.ActiveCfg = R22_Debug|Any CPU
		{AE6709EF-AA64-7392-4D53-706C98812409}.R22_Debug|Any CPU.Build.0 = R22_Debug|Any CPU
		{AE6709EF-AA64-7392-4D53-706C98812409}.R22_Release|Any CPU.ActiveCfg = R22_Release|Any CPU
		{AE6709EF-AA64-7392-4D53-706C98812409}.R22_Release|Any CPU.Build.0 = R22_Release|Any CPU
		{AE6709EF-AA64-7392-4D53-706C98812409}.R23_Debug|Any CPU.ActiveCfg = R23_Debug|Any CPU
		{AE6709EF-AA64-7392-4D53-706C98812409}.R23_Debug|Any CPU.Build.0 = R23_Debug|Any CPU
		{AE6709EF-AA64-7392-4D53-706C98812409}.R23_Release|Any CPU.ActiveCfg = R23_Release|Any CPU
		{AE6709EF-AA64-7392-4D53-706C98812409}.R23_Release|Any CPU.Build.0 = R23_Release|Any CPU
		{AE6709EF-AA64-7392-4D53-706C98812409}.R24_Debug|Any CPU.ActiveCfg = R24_Debug|Any CPU
		{AE6709EF-AA64-7392-4D53-706C98812409}.R24_Debug|Any CPU.Build.0 = R24_Debug|Any CPU
		{AE6709EF-AA64-7392-4D53-706C98812409}.R24_Release|Any CPU.ActiveCfg = R24_Release|Any CPU
		{AE6709EF-AA64-7392-4D53-706C98812409}.R24_Release|Any CPU.Build.0 = R24_Release|Any CPU
		{AE6709EF-AA64-7392-4D53-706C98812409}.R25_Debug|Any CPU.ActiveCfg = R25_Debug|Any CPU
		{AE6709EF-AA64-7392-4D53-706C98812409}.R25_Debug|Any CPU.Build.0 = R25_Debug|Any CPU
		{AE6709EF-AA64-7392-4D53-706C98812409}.R25_Release|Any CPU.ActiveCfg = R25_Release|Any CPU
		{AE6709EF-AA64-7392-4D53-706C98812409}.R25_Release|Any CPU.Build.0 = R25_Release|Any CPU
	EndGlobalSection
	GlobalSection(SolutionProperties) = preSolution
		HideSolutionNode = FALSE
	EndGlobalSection
	GlobalSection(ExtensibilityGlobals) = postSolution
		SolutionGuid = {7628C6B2-95B9-4B05-8A05-B53D9B9E4429}
	EndGlobalSection
EndGlobal
