
Microsoft Visual Studio Solution File, Format Version 12.00
# Visual Studio Version 17
VisualStudioVersion = 17.12.35707.178
MinimumVisualStudioVersion = 10.0.40219.1
Project("{FAE04EC0-301F-11D3-BF4B-00C04F79EFBC}") = "Bim.Examples", "Bim.Examples\Bim.Examples.csproj", "{6EC0E8F0-2353-457F-9430-8AC7AD127EAC}"
EndProject
Project("{FAE04EC0-301F-11D3-BF4B-00C04F79EFBC}") = "Bim.Library", "Bim.Library\Bim.Library.csproj", "{AE6709EF-AA64-7392-4D53-706C98812409}"
EndProject
Project("{2150E333-8FDC-42A3-9474-1A3956D46DE8}") = "OrchestrationExample", "OrchestrationExample", "{02EA681E-C7D8-13C7-8484-4AC65E1B71E8}"
EndProject
Project("{FAE04EC0-301F-11D3-BF4B-00C04F79EFBC}") = "Bim.CommandForOrchestration", "OrchestrationExample\Bim.CommandForOrchestration\Bim.CommandForOrchestration.csproj", "{62DEBBF1-2E4D-B10D-D8AC-47ED83931A7C}"
EndProject
Project("{FAE04EC0-301F-11D3-BF4B-00C04F79EFBC}") = "Bim.Orchestrator.Server", "OrchestrationExample\Bim.Orchestrator.Server\Bim.Orchestrator.Server.csproj", "{DD79B919-ACBC-ADFF-EED0-478DAE7F6F1B}"
EndProject
Global
	GlobalSection(SolutionConfigurationPlatforms) = preSolution
		R17_Debug|Any CPU = R17_Debug|Any CPU
		R17_Release|Any CPU = R17_Release|Any CPU
		R18_Debug|Any CPU = R18_Debug|Any CPU
		R18_Release|Any CPU = R18_Release|Any CPU
		R19_Debug|Any CPU = R19_Debug|Any CPU
		R19_Release|Any CPU = R19_Release|Any CPU
		R20_Debug|Any CPU = R20_Debug|Any CPU
		R20_Release|Any CPU = R20_Release|Any CPU
		R21_Debug|Any CPU = R21_Debug|Any CPU
		R21_Release|Any CPU = R21_Release|Any CPU
		R22_Debug|Any CPU = R22_Debug|Any CPU
		R22_Release|Any CPU = R22_Release|Any CPU
		R23_Debug|Any CPU = R23_Debug|Any CPU
		R23_Release|Any CPU = R23_Release|Any CPU
		R24_Debug|Any CPU = R24_Debug|Any CPU
		R24_Release|Any CPU = R24_Release|Any CPU
		R25_Debug|Any CPU = R25_Debug|Any CPU
		R25_Release|Any CPU = R25_Release|Any CPU
	EndGlobalSection
	GlobalSection(ProjectConfigurationPlatforms) = postSolution
		{6EC0E8F0-2353-457F-9430-8AC7AD127EAC}.R17_Debug|Any CPU.ActiveCfg = R17_Debug|Any CPU
		{6EC0E8F0-2353-457F-9430-8AC7AD127EAC}.R17_Debug|Any CPU.Build.0 = R17_Debug|Any CPU
		{6EC0E8F0-2353-457F-9430-8AC7AD127EAC}.R17_Release|Any CPU.ActiveCfg = R17_Release|Any CPU
		{6EC0E8F0-2353-457F-9430-8AC7AD127EAC}.R17_Release|Any CPU.Build.0 = R17_Release|Any CPU
		{6EC0E8F0-2353-457F-9430-8AC7AD127EAC}.R18_Debug|Any CPU.ActiveCfg = R18_Debug|Any CPU
		{6EC0E8F0-2353-457F-9430-8AC7AD127EAC}.R18_Debug|Any CPU.Build.0 = R18_Debug|Any CPU
		{6EC0E8F0-2353-457F-9430-8AC7AD127EAC}.R18_Release|Any CPU.ActiveCfg = R18_Release|Any CPU
		{6EC0E8F0-2353-457F-9430-8AC7AD127EAC}.R18_Release|Any CPU.Build.0 = R18_Release|Any CPU
		{6EC0E8F0-2353-457F-9430-8AC7AD127EAC}.R19_Debug|Any CPU.ActiveCfg = R19_Debug|Any CPU
		{6EC0E8F0-2353-457F-9430-8AC7AD127EAC}.R19_Debug|Any CPU.Build.0 = R19_Debug|Any CPU
		{6EC0E8F0-2353-457F-9430-8AC7AD127EAC}.R19_Release|Any CPU.ActiveCfg = R19_Release|Any CPU
		{6EC0E8F0-2353-457F-9430-8AC7AD127EAC}.R19_Release|Any CPU.Build.0 = R19_Release|Any CPU
		{6EC0E8F0-2353-457F-9430-8AC7AD127EAC}.R20_Debug|Any CPU.ActiveCfg = R20_Debug|Any CPU
		{6EC0E8F0-2353-457F-9430-8AC7AD127EAC}.R20_Debug|Any CPU.Build.0 = R20_Debug|Any CPU
		{6EC0E8F0-2353-457F-9430-8AC7AD127EAC}.R20_Release|Any CPU.ActiveCfg = R20_Release|Any CPU
		{6EC0E8F0-2353-457F-9430-8AC7AD127EAC}.R20_Release|Any CPU.Build.0 = R20_Release|Any CPU
		{6EC0E8F0-2353-457F-9430-8AC7AD127EAC}.R21_Debug|Any CPU.ActiveCfg = R21_Debug|Any CPU
		{6EC0E8F0-2353-457F-9430-8AC7AD127EAC}.R21_Debug|Any CPU.Build.0 = R21_Debug|Any CPU
		{6EC0E8F0-2353-457F-9430-8AC7AD127EAC}.R21_Release|Any CPU.ActiveCfg = R21_Release|Any CPU
		{6EC0E8F0-2353-457F-9430-8AC7AD127EAC}.R21_Release|Any CPU.Build.0 = R21_Release|Any CPU
		{6EC0E8F0-2353-457F-9430-8AC7AD127EAC}.R22_Debug|Any CPU.ActiveCfg = R22_Debug|Any CPU
		{6EC0E8F0-2353-457F-9430-8AC7AD127EAC}.R22_Debug|Any CPU.Build.0 = R22_Debug|Any CPU
		{6EC0E8F0-2353-457F-9430-8AC7AD127EAC}.R22_Release|Any CPU.ActiveCfg = R22_Release|Any CPU
		{6EC0E8F0-2353-457F-9430-8AC7AD127EAC}.R22_Release|Any CPU.Build.0 = R22_Release|Any CPU
		{6EC0E8F0-2353-457F-9430-8AC7AD127EAC}.R23_Debug|Any CPU.ActiveCfg = R23_Debug|Any CPU
		{6EC0E8F0-2353-457F-9430-8AC7AD127EAC}.R23_Debug|Any CPU.Build.0 = R23_Debug|Any CPU
		{6EC0E8F0-2353-457F-9430-8AC7AD127EAC}.R23_Release|Any CPU.ActiveCfg = R23_Release|Any CPU
		{6EC0E8F0-2353-457F-9430-8AC7AD127EAC}.R23_Release|Any CPU.Build.0 = R23_Release|Any CPU
		{6EC0E8F0-2353-457F-9430-8AC7AD127EAC}.R24_Debug|Any CPU.ActiveCfg = R24_Debug|Any CPU
		{6EC0E8F0-2353-457F-9430-8AC7AD127EAC}.R24_Debug|Any CPU.Build.0 = R24_Debug|Any CPU
		{6EC0E8F0-2353-457F-9430-8AC7AD127EAC}.R24_Release|Any CPU.ActiveCfg = R24_Release|Any CPU
		{6EC0E8F0-2353-457F-9430-8AC7AD127EAC}.R24_Release|Any CPU.Build.0 = R24_Release|Any CPU
		{6EC0E8F0-2353-457F-9430-8AC7AD127EAC}.R25_Debug|Any CPU.ActiveCfg = R25_Debug|Any CPU
		{6EC0E8F0-2353-457F-9430-8AC7AD127EAC}.R25_Debug|Any CPU.Build.0 = R25_Debug|Any CPU
		{6EC0E8F0-2353-457F-9430-8AC7AD127EAC}.R25_Release|Any CPU.ActiveCfg = R25_Release|Any CPU
		{6EC0E8F0-2353-457F-9430-8AC7AD127EAC}.R25_Release|Any CPU.Build.0 = R25_Release|Any CPU
		{AE6709EF-AA64-7392-4D53-706C98812409}.R17_Debug|Any CPU.ActiveCfg = R17_Debug|Any CPU
		{AE6709EF-AA64-7392-4D53-706C98812409}.R17_Debug|Any CPU.Build.0 = R17_Debug|Any CPU
		{AE6709EF-AA64-7392-4D53-706C98812409}.R17_Release|Any CPU.ActiveCfg = R17_Release|Any CPU
		{AE6709EF-AA64-7392-4D53-706C98812409}.R17_Release|Any CPU.Build.0 = R17_Release|Any CPU
		{AE6709EF-AA64-7392-4D53-706C98812409}.R18_Debug|Any CPU.ActiveCfg = R18_Debug|Any CPU
		{AE6709EF-AA64-7392-4D53-706C98812409}.R18_Debug|Any CPU.Build.0 = R18_Debug|Any CPU
		{AE6709EF-AA64-7392-4D53-706C98812409}.R18_Release|Any CPU.ActiveCfg = R18_Release|Any CPU
		{AE6709EF-AA64-7392-4D53-706C98812409}.R18_Release|Any CPU.Build.0 = R18_Release|Any CPU
		{AE6709EF-AA64-7392-4D53-706C98812409}.R19_Debug|Any CPU.ActiveCfg = R19_Debug|Any CPU
		{AE6709EF-AA64-7392-4D53-706C98812409}.R19_Debug|Any CPU.Build.0 = R19_Debug|Any CPU
		{AE6709EF-AA64-7392-4D53-706C98812409}.R19_Release|Any CPU.ActiveCfg = R19_Release|Any CPU
		{AE6709EF-AA64-7392-4D53-706C98812409}.R19_Release|Any CPU.Build.0 = R19_Release|Any CPU
		{AE6709EF-AA64-7392-4D53-706C98812409}.R20_Debug|Any CPU.ActiveCfg = R20_Debug|Any CPU
		{AE6709EF-AA64-7392-4D53-706C98812409}.R20_Debug|Any CPU.Build.0 = R20_Debug|Any CPU
		{AE6709EF-AA64-7392-4D53-706C98812409}.R20_Release|Any CPU.ActiveCfg = R20_Release|Any CPU
		{AE6709EF-AA64-7392-4D53-706C98812409}.R20_Release|Any CPU.Build.0 = R20_Release|Any CPU
		{AE6709EF-AA64-7392-4D53-706C98812409}.R21_Debug|Any CPU.ActiveCfg = R21_Debug|Any CPU
		{AE6709EF-AA64-7392-4D53-706C98812409}.R21_Debug|Any CPU.Build.0 = R21_Debug|Any CPU
		{AE6709EF-AA64-7392-4D53-706C98812409}.R21_Release|Any CPU.ActiveCfg = R21_Release|Any CPU
		{AE6709EF-AA64-7392-4D53-706C98812409}.R21_Release|Any CPU.Build.0 = R21_Release|Any CPU
		{AE6709EF-AA64-7392-4D53-706C98812409}.R22_Debug|Any CPU.ActiveCfg = R22_Debug|Any CPU
		{AE6709EF-AA64-7392-4D53-706C98812409}.R22_Debug|Any CPU.Build.0 = R22_Debug|Any CPU
		{AE6709EF-AA64-7392-4D53-706C98812409}.R22_Release|Any CPU.ActiveCfg = R22_Release|Any CPU
		{AE6709EF-AA64-7392-4D53-706C98812409}.R22_Release|Any CPU.Build.0 = R22_Release|Any CPU
		{AE6709EF-AA64-7392-4D53-706C98812409}.R23_Debug|Any CPU.ActiveCfg = R23_Debug|Any CPU
		{AE6709EF-AA64-7392-4D53-706C98812409}.R23_Debug|Any CPU.Build.0 = R23_Debug|Any CPU
		{AE6709EF-AA64-7392-4D53-706C98812409}.R23_Release|Any CPU.ActiveCfg = R23_Release|Any CPU
		{AE6709EF-AA64-7392-4D53-706C98812409}.R23_Release|Any CPU.Build.0 = R23_Release|Any CPU
		{AE6709EF-AA64-7392-4D53-706C98812409}.R24_Debug|Any CPU.ActiveCfg = R24_Debug|Any CPU
		{AE6709EF-AA64-7392-4D53-706C98812409}.R24_Debug|Any CPU.Build.0 = R24_Debug|Any CPU
		{AE6709EF-AA64-7392-4D53-706C98812409}.R24_Release|Any CPU.ActiveCfg = R24_Release|Any CPU
		{AE6709EF-AA64-7392-4D53-706C98812409}.R24_Release|Any CPU.Build.0 = R24_Release|Any CPU
		{AE6709EF-AA64-7392-4D53-706C98812409}.R25_Debug|Any CPU.ActiveCfg = R25_Debug|Any CPU
		{AE6709EF-AA64-7392-4D53-706C98812409}.R25_Debug|Any CPU.Build.0 = R25_Debug|Any CPU
		{AE6709EF-AA64-7392-4D53-706C98812409}.R25_Release|Any CPU.ActiveCfg = R25_Release|Any CPU
		{AE6709EF-AA64-7392-4D53-706C98812409}.R25_Release|Any CPU.Build.0 = R25_Release|Any CPU
		{62DEBBF1-2E4D-B10D-D8AC-47ED83931A7C}.R17_Debug|Any CPU.ActiveCfg = R17_Debug|Any CPU
		{62DEBBF1-2E4D-B10D-D8AC-47ED83931A7C}.R17_Debug|Any CPU.Build.0 = R17_Debug|Any CPU
		{62DEBBF1-2E4D-B10D-D8AC-47ED83931A7C}.R17_Release|Any CPU.ActiveCfg = R17_Release|Any CPU
		{62DEBBF1-2E4D-B10D-D8AC-47ED83931A7C}.R17_Release|Any CPU.Build.0 = R17_Release|Any CPU
		{62DEBBF1-2E4D-B10D-D8AC-47ED83931A7C}.R18_Debug|Any CPU.ActiveCfg = R18_Debug|Any CPU
		{62DEBBF1-2E4D-B10D-D8AC-47ED83931A7C}.R18_Debug|Any CPU.Build.0 = R18_Debug|Any CPU
		{62DEBBF1-2E4D-B10D-D8AC-47ED83931A7C}.R18_Release|Any CPU.ActiveCfg = R18_Release|Any CPU
		{62DEBBF1-2E4D-B10D-D8AC-47ED83931A7C}.R18_Release|Any CPU.Build.0 = R18_Release|Any CPU
		{62DEBBF1-2E4D-B10D-D8AC-47ED83931A7C}.R19_Debug|Any CPU.ActiveCfg = R19_Debug|Any CPU
		{62DEBBF1-2E4D-B10D-D8AC-47ED83931A7C}.R19_Debug|Any CPU.Build.0 = R19_Debug|Any CPU
		{62DEBBF1-2E4D-B10D-D8AC-47ED83931A7C}.R19_Release|Any CPU.ActiveCfg = R19_Release|Any CPU
		{62DEBBF1-2E4D-B10D-D8AC-47ED83931A7C}.R19_Release|Any CPU.Build.0 = R19_Release|Any CPU
		{62DEBBF1-2E4D-B10D-D8AC-47ED83931A7C}.R20_Debug|Any CPU.ActiveCfg = R20_Debug|Any CPU
		{62DEBBF1-2E4D-B10D-D8AC-47ED83931A7C}.R20_Debug|Any CPU.Build.0 = R20_Debug|Any CPU
		{62DEBBF1-2E4D-B10D-D8AC-47ED83931A7C}.R20_Release|Any CPU.ActiveCfg = R20_Release|Any CPU
		{62DEBBF1-2E4D-B10D-D8AC-47ED83931A7C}.R20_Release|Any CPU.Build.0 = R20_Release|Any CPU
		{62DEBBF1-2E4D-B10D-D8AC-47ED83931A7C}.R21_Debug|Any CPU.ActiveCfg = R21_Debug|Any CPU
		{62DEBBF1-2E4D-B10D-D8AC-47ED83931A7C}.R21_Debug|Any CPU.Build.0 = R21_Debug|Any CPU
		{62DEBBF1-2E4D-B10D-D8AC-47ED83931A7C}.R21_Release|Any CPU.ActiveCfg = R21_Release|Any CPU
		{62DEBBF1-2E4D-B10D-D8AC-47ED83931A7C}.R21_Release|Any CPU.Build.0 = R21_Release|Any CPU
		{62DEBBF1-2E4D-B10D-D8AC-47ED83931A7C}.R22_Debug|Any CPU.ActiveCfg = R22_Debug|Any CPU
		{62DEBBF1-2E4D-B10D-D8AC-47ED83931A7C}.R22_Debug|Any CPU.Build.0 = R22_Debug|Any CPU
		{62DEBBF1-2E4D-B10D-D8AC-47ED83931A7C}.R22_Release|Any CPU.ActiveCfg = R22_Release|Any CPU
		{62DEBBF1-2E4D-B10D-D8AC-47ED83931A7C}.R22_Release|Any CPU.Build.0 = R22_Release|Any CPU
		{62DEBBF1-2E4D-B10D-D8AC-47ED83931A7C}.R23_Debug|Any CPU.ActiveCfg = R23_Debug|Any CPU
		{62DEBBF1-2E4D-B10D-D8AC-47ED83931A7C}.R23_Debug|Any CPU.Build.0 = R23_Debug|Any CPU
		{62DEBBF1-2E4D-B10D-D8AC-47ED83931A7C}.R23_Release|Any CPU.ActiveCfg = R23_Release|Any CPU
		{62DEBBF1-2E4D-B10D-D8AC-47ED83931A7C}.R23_Release|Any CPU.Build.0 = R23_Release|Any CPU
		{62DEBBF1-2E4D-B10D-D8AC-47ED83931A7C}.R24_Debug|Any CPU.ActiveCfg = R24_Debug|Any CPU
		{62DEBBF1-2E4D-B10D-D8AC-47ED83931A7C}.R24_Debug|Any CPU.Build.0 = R24_Debug|Any CPU
		{62DEBBF1-2E4D-B10D-D8AC-47ED83931A7C}.R24_Release|Any CPU.ActiveCfg = R24_Release|Any CPU
		{62DEBBF1-2E4D-B10D-D8AC-47ED83931A7C}.R24_Release|Any CPU.Build.0 = R24_Release|Any CPU
		{62DEBBF1-2E4D-B10D-D8AC-47ED83931A7C}.R25_Debug|Any CPU.ActiveCfg = R25_Debug|Any CPU
		{62DEBBF1-2E4D-B10D-D8AC-47ED83931A7C}.R25_Debug|Any CPU.Build.0 = R25_Debug|Any CPU
		{62DEBBF1-2E4D-B10D-D8AC-47ED83931A7C}.R25_Release|Any CPU.ActiveCfg = R25_Release|Any CPU
		{62DEBBF1-2E4D-B10D-D8AC-47ED83931A7C}.R25_Release|Any CPU.Build.0 = R25_Release|Any CPU
		{DD79B919-ACBC-ADFF-EED0-478DAE7F6F1B}.R17_Debug|Any CPU.ActiveCfg = Debug|Any CPU
		{DD79B919-ACBC-ADFF-EED0-478DAE7F6F1B}.R17_Debug|Any CPU.Build.0 = Debug|Any CPU
		{DD79B919-ACBC-ADFF-EED0-478DAE7F6F1B}.R17_Release|Any CPU.ActiveCfg = Release|Any CPU
		{DD79B919-ACBC-ADFF-EED0-478DAE7F6F1B}.R17_Release|Any CPU.Build.0 = Release|Any CPU
		{DD79B919-ACBC-ADFF-EED0-478DAE7F6F1B}.R18_Debug|Any CPU.ActiveCfg = Debug|Any CPU
		{DD79B919-ACBC-ADFF-EED0-478DAE7F6F1B}.R18_Debug|Any CPU.Build.0 = Debug|Any CPU
		{DD79B919-ACBC-ADFF-EED0-478DAE7F6F1B}.R18_Release|Any CPU.ActiveCfg = Release|Any CPU
		{DD79B919-ACBC-ADFF-EED0-478DAE7F6F1B}.R18_Release|Any CPU.Build.0 = Release|Any CPU
		{DD79B919-ACBC-ADFF-EED0-478DAE7F6F1B}.R19_Debug|Any CPU.ActiveCfg = Debug|Any CPU
		{DD79B919-ACBC-ADFF-EED0-478DAE7F6F1B}.R19_Debug|Any CPU.Build.0 = Debug|Any CPU
		{DD79B919-ACBC-ADFF-EED0-478DAE7F6F1B}.R19_Release|Any CPU.ActiveCfg = Release|Any CPU
		{DD79B919-ACBC-ADFF-EED0-478DAE7F6F1B}.R19_Release|Any CPU.Build.0 = Release|Any CPU
		{DD79B919-ACBC-ADFF-EED0-478DAE7F6F1B}.R20_Debug|Any CPU.ActiveCfg = Debug|Any CPU
		{DD79B919-ACBC-ADFF-EED0-478DAE7F6F1B}.R20_Debug|Any CPU.Build.0 = Debug|Any CPU
		{DD79B919-ACBC-ADFF-EED0-478DAE7F6F1B}.R20_Release|Any CPU.ActiveCfg = Release|Any CPU
		{DD79B919-ACBC-ADFF-EED0-478DAE7F6F1B}.R20_Release|Any CPU.Build.0 = Release|Any CPU
		{DD79B919-ACBC-ADFF-EED0-478DAE7F6F1B}.R21_Debug|Any CPU.ActiveCfg = Debug|Any CPU
		{DD79B919-ACBC-ADFF-EED0-478DAE7F6F1B}.R21_Debug|Any CPU.Build.0 = Debug|Any CPU
		{DD79B919-ACBC-ADFF-EED0-478DAE7F6F1B}.R21_Release|Any CPU.ActiveCfg = Release|Any CPU
		{DD79B919-ACBC-ADFF-EED0-478DAE7F6F1B}.R21_Release|Any CPU.Build.0 = Release|Any CPU
		{DD79B919-ACBC-ADFF-EED0-478DAE7F6F1B}.R22_Debug|Any CPU.ActiveCfg = Debug|Any CPU
		{DD79B919-ACBC-ADFF-EED0-478DAE7F6F1B}.R22_Debug|Any CPU.Build.0 = Debug|Any CPU
		{DD79B919-ACBC-ADFF-EED0-478DAE7F6F1B}.R22_Release|Any CPU.ActiveCfg = Release|Any CPU
		{DD79B919-ACBC-ADFF-EED0-478DAE7F6F1B}.R22_Release|Any CPU.Build.0 = Release|Any CPU
		{DD79B919-ACBC-ADFF-EED0-478DAE7F6F1B}.R23_Debug|Any CPU.ActiveCfg = Debug|Any CPU
		{DD79B919-ACBC-ADFF-EED0-478DAE7F6F1B}.R23_Debug|Any CPU.Build.0 = Debug|Any CPU
		{DD79B919-ACBC-ADFF-EED0-478DAE7F6F1B}.R23_Release|Any CPU.ActiveCfg = Release|Any CPU
		{DD79B919-ACBC-ADFF-EED0-478DAE7F6F1B}.R23_Release|Any CPU.Build.0 = Release|Any CPU
		{DD79B919-ACBC-ADFF-EED0-478DAE7F6F1B}.R24_Debug|Any CPU.ActiveCfg = Debug|Any CPU
		{DD79B919-ACBC-ADFF-EED0-478DAE7F6F1B}.R24_Debug|Any CPU.Build.0 = Debug|Any CPU
		{DD79B919-ACBC-ADFF-EED0-478DAE7F6F1B}.R24_Release|Any CPU.ActiveCfg = Release|Any CPU
		{DD79B919-ACBC-ADFF-EED0-478DAE7F6F1B}.R24_Release|Any CPU.Build.0 = Release|Any CPU
		{DD79B919-ACBC-ADFF-EED0-478DAE7F6F1B}.R25_Debug|Any CPU.ActiveCfg = Debug|Any CPU
		{DD79B919-ACBC-ADFF-EED0-478DAE7F6F1B}.R25_Debug|Any CPU.Build.0 = Debug|Any CPU
		{DD79B919-ACBC-ADFF-EED0-478DAE7F6F1B}.R25_Release|Any CPU.ActiveCfg = Release|Any CPU
		{DD79B919-ACBC-ADFF-EED0-478DAE7F6F1B}.R25_Release|Any CPU.Build.0 = Release|Any CPU
	EndGlobalSection
	GlobalSection(SolutionProperties) = preSolution
		HideSolutionNode = FALSE
	EndGlobalSection
	GlobalSection(NestedProjects) = preSolution
		{62DEBBF1-2E4D-B10D-D8AC-47ED83931A7C} = {02EA681E-C7D8-13C7-8484-4AC65E1B71E8}
		{DD79B919-ACBC-ADFF-EED0-478DAE7F6F1B} = {02EA681E-C7D8-13C7-8484-4AC65E1B71E8}
	EndGlobalSection
	GlobalSection(ExtensibilityGlobals) = postSolution
		SolutionGuid = {7628C6B2-95B9-4B05-8A05-B53D9B9E4429}
	EndGlobalSection
EndGlobal
